
Microsoft Visual Studio Solution File, Format Version 12.00
# Visual Studio 15
VisualStudioVersion = 15.0.27703.2026
MinimumVisualStudioVersion = 10.0.40219.1
Project("{8BC9CEB8-8B4A-11D0-8D11-00A0C91BC942}") = "Emerge", "Emerge.vcxproj", "{FC78965C-A80D-42AA-8FB0-24C4376BDCD0}"
EndProject
Global
	GlobalSection(SolutionConfigurationPlatforms) = preSolution
		Debug|x86 = Debug|x86
		Release|x86 = Release|x86
	EndGlobalSection
	GlobalSection(ProjectConfigurationPlatforms) = postSolution
		{FC78965C-A80D-42AA-8FB0-24C4376BDCD0}.Debug|x86.ActiveCfg = Debug|Win32
		{FC78965C-A80D-42AA-8FB0-24C4376BDCD0}.Debug|x86.Build.0 = Debug|Win32
		{FC78965C-A80D-42AA-8FB0-24C4376BDCD0}.Release|x86.ActiveCfg = Release|Win32
		{FC78965C-A80D-42AA-8FB0-24C4376BDCD0}.Release|x86.Build.0 = Release|Win32
	EndGlobalSection
	GlobalSection(SolutionProperties) = preSolution
		HideSolutionNode = FALSE
	EndGlobalSection
	GlobalSection(ExtensibilityGlobals) = postSolution
		SolutionGuid = {9625D7BD-FAB4-4F78-8DFB-1C5EB2390232}
	EndGlobalSection
EndGlobal
